
Microsoft Visual Studio Solution File, Format Version 12.00
# Visual Studio Version 16
VisualStudioVersion = 16.0.29728.190
MinimumVisualStudioVersion = 10.0.40219.1
Project("{FAE04EC0-301F-11D3-BF4B-00C04F79EFBC}") = "Exam 3", "Exam 3\Exam 3.csproj", "{B75A09A3-1A67-4514-B178-E47FBA834C36}"
EndProject
Global
	GlobalSection(SolutionConfigurationPlatforms) = preSolution
		Debug|Any CPU = Debug|Any CPU
		Release|Any CPU = Release|Any CPU
	EndGlobalSection
	GlobalSection(ProjectConfigurationPlatforms) = postSolution
		{B75A09A3-1A67-4514-B178-E47FBA834C36}.Debug|Any CPU.ActiveCfg = Debug|Any CPU
		{B75A09A3-1A67-4514-B178-E47FBA834C36}.Debug|Any CPU.Build.0 = Debug|Any CPU
		{B75A09A3-1A67-4514-B178-E47FBA834C36}.Release|Any CPU.ActiveCfg = Release|Any CPU
		{B75A09A3-1A67-4514-B178-E47FBA834C36}.Release|Any CPU.Build.0 = Release|Any CPU
	EndGlobalSection
	GlobalSection(SolutionProperties) = preSolution
		HideSolutionNode = FALSE
	EndGlobalSection
	GlobalSection(ExtensibilityGlobals) = postSolution
		SolutionGuid = {14BBDC0B-F89C-4C17-B7B6-5846F023D8CA}
	EndGlobalSection
EndGlobal
